# this file is automatically generated; do not edit by hand.

[dep.mach-std]
url = "https://github.com/briar-systems/mach-std"
ref = "tag/v0.33.0"
commit = "d2f08352acaac3169e823335ab4ef1e8ce632abb"

[dep.mach-http]
url = "https://github.com/briar-systems/mach-http"
ref = "tag/v0.4.1"
commit = "648b9e4a01ce755fe3cc6794aae945a8d64694c1"

[dep.laurel]
url = "https://github.com/briar-systems/laurel"
ref = "tag/v0.5.0"
commit = "8c0b637e4f2bc0d05d4f222c1e49c420e0d520a2"

[dep.mach-crypto]
url = "https://github.com/briar-systems/mach-crypto"
ref = "tag/v0.6.0"
commit = "4d23006514994b3e217b30031c1c5ba711ba0624"
