# this file is automatically generated; do not edit by hand.

[dep.mach-std]
url = "https://github.com/briar-systems/mach-std"
ref = "tag/v0.33.0"
commit = "d2f08352acaac3169e823335ab4ef1e8ce632abb"

[dep.mach-http]
url = "https://github.com/briar-systems/mach-http"
ref = "tag/v0.7.0"
commit = "0d4c6cfccc4740854c2ccd527a787f110c659346"

[dep.laurel]
url = "https://github.com/briar-systems/laurel"
ref = "tag/v0.8.2"
commit = "e17b4f18e2d51c9b329fe03c9b930ddf701baaf8"

[dep.mach-tls]
url = "https://github.com/briar-systems/mach-tls"
ref = "tag/v0.1.0"
commit = "1e6262942e1cea145193a3844d031d7da1e5caae"

[dep.mach-quic]
url = "https://github.com/briar-systems/mach-quic"
ref = "tag/v0.3.0"
commit = "c0d14bdd9c41feed79e4d3a9a64e38a1f77c04d1"

[dep.mach-acme]
url = "https://github.com/briar-systems/mach-acme"
ref = "tag/v0.1.3"
commit = "d26edc19e0263a75b9d68b97302f9ee23baa54a2"

[dep.mach-crypto]
url = "https://github.com/briar-systems/mach-crypto"
ref = "tag/v0.6.0"
commit = "4d23006514994b3e217b30031c1c5ba711ba0624"
