# this file is automatically generated; do not edit by hand.

[dep.mach-std]
url = "https://github.com/briar-systems/mach-std"
ref = "tag/v0.34.0"
commit = "2f0a0f9cc73edc5f4e31d6c90ab445dfaf79ddb4"

[dep.mach-http]
url = "https://github.com/briar-systems/mach-http"
ref = "tag/v0.7.4"
commit = "55cbaa39831bbaa9670c93e1d73f868977d709cd"

[dep.laurel]
url = "https://github.com/briar-systems/laurel"
ref = "tag/v0.8.7"
commit = "9f97223513a83d544c5ceb3d0bfa45e37a0ef62a"

[dep.mach-tls]
url = "https://github.com/briar-systems/mach-tls"
ref = "tag/v0.2.2"
commit = "aa29e396931d3fad08835544c39489cdc09e5b36"

[dep.mach-quic]
url = "https://github.com/briar-systems/mach-quic"
ref = "tag/v0.5.5"
commit = "c85e483d83cf67e82c710e6f7e3f3667869c5e38"

[dep.mach-acme]
url = "https://github.com/briar-systems/mach-acme"
ref = "tag/v0.1.7"
commit = "567a54edaedbada432e8157b7352bbeac1d103b8"

[dep.mach-crypto]
url = "https://github.com/briar-systems/mach-crypto"
ref = "tag/v0.8.1"
commit = "16f99c3bb0f0a65216f05d13199f41e10ba759e0"
