# this file is automatically generated; do not edit by hand.

[dep.mach-std]
url = "https://github.com/briar-systems/mach-std"
ref = "tag/v0.33.0"
commit = "d2f08352acaac3169e823335ab4ef1e8ce632abb"

[dep.mach-http]
url = "https://github.com/briar-systems/mach-http"
ref = "tag/v0.5.0"
commit = "1fc89104ae6fdc677e27cbb5644e51d1e9a69c02"

[dep.laurel]
url = "https://github.com/briar-systems/laurel"
ref = "tag/v0.6.0"
commit = "59cf4bf54e0b053c6ec0eb242812b5dff92dac95"

[dep.mach-tls]
url = "https://github.com/briar-systems/mach-tls"
ref = "tag/v0.1.0"
commit = "1e6262942e1cea145193a3844d031d7da1e5caae"

[dep.mach-quic]
url = "https://github.com/briar-systems/mach-quic"
ref = "tag/v0.2.1"
commit = "8e2f9ab2ab29860d8629614a56fe2923b4201096"

[dep.mach-acme]
url = "https://github.com/briar-systems/mach-acme"
ref = "tag/v0.1.1"
commit = "baeef34b3757eb630b45008c04c25a21686ec9b3"

[dep.mach-crypto]
url = "https://github.com/briar-systems/mach-crypto"
ref = "tag/v0.6.0"
commit = "4d23006514994b3e217b30031c1c5ba711ba0624"
